{
  "nodes": {
    "nixpkgs": {
      "locked": {
        "lastModified": 1605312004,
        "narHash": "sha256-Xr03i0LlCD7PoBOIUNNFJss2uITrGoLF3LiOIW6seC0=",
        "owner": "NixOS",
        "repo": "nixpkgs",
        "rev": "29e9c10750e2b35a0e47db55f36c685ef9219f4e",
        "type": "github"
      },
      "original": {
        "owner": "NixOS",
        "ref": "nixos-20.09",
        "repo": "nixpkgs",
        "type": "github"
      }
    },
    "root": {
      "inputs": {
        "nixpkgs": "nixpkgs",
        "utils": "utils"
      }
    },
    "utils": {
      "locked": {
        "lastModified": 1594123299,
        "narHash": "sha256-zxjtMmOV93pIVG242RpEXu14w/13XYDo3ygMoRIJg4c=",
        "owner": "numtide",
        "repo": "flake-utils",
        "rev": "590d6d1badea1956a31480a0cba1d8d029cf45d3",
        "type": "github"
      },
      "original": {
        "owner": "numtide",
        "repo": "flake-utils",
        "type": "github"
      }
    }
  },
  "root": "root",
  "version": 7
}
